schema: '2.0'
stages:
  data_ingestion:
    cmd: python src/CustomerRiskPrediction/pipeline/stage_01_data_ingestion.py
    deps:
    - path: config/config.yaml
      hash: md5
      md5: 0974f1c6618eb4b8e86f02f5486c80b1
      size: 935
    - path: src/CustomerRiskPrediction/components/data_ingestion.py
      hash: md5
      md5: 6de4171182899133c0aab37c39804913
      size: 3494
    - path: src/CustomerRiskPrediction/pipeline/stage_01_data_ingestion.py
      hash: md5
      md5: a3574cad357c9358d1f151d2ea51a708
      size: 870
    outs:
    - path: artifacts/data_ingestion/data.csv
      hash: md5
      md5: 8a524d20779aafd29141c131099ef342
      size: 81065
  data_transformation:
    cmd: python 
      src/CustomerRiskPrediction/pipeline/stage_02_data_transformation.py
    deps:
    - path: artifacts/data_ingestion/data.csv
      hash: md5
      md5: 8a524d20779aafd29141c131099ef342
      size: 81065
    - path: config/config.yaml
      hash: md5
      md5: 0974f1c6618eb4b8e86f02f5486c80b1
      size: 935
    - path: src/CustomerRiskPrediction/components/data_transformation.py
      hash: md5
      md5: 5d882ac72beb794758a8b79b4c7631bb
      size: 4939
    - path: src/CustomerRiskPrediction/pipeline/stage_02_data_transformation.py
      hash: md5
      md5: 32d9b8c3b9530b905cdcef9d2982a6b5
      size: 934
    - path: src/woe_iv.py
      hash: md5
      md5: da215b6d09140fcc31a1304aa55252b7
      size: 2421
    outs:
    - path: artifacts/data_transformation/test.csv
      hash: md5
      md5: 6055eaf2f39bcbd660d1c46e2543d6e4
      size: 58375
    - path: artifacts/data_transformation/train.csv
      hash: md5
      md5: ece21e14e550bb8f2f97fbce02182e74
      size: 270656
    - path: artifacts/data_transformation/val.csv
      hash: md5
      md5: 57e3671adf3949f47ab97591c39c0172
      size: 58483
    - path: artifacts/data_transformation/woe_rules.csv
      hash: md5
      md5: dd46420fb45d007b92c4a915f0cb8a87
      size: 6797
  model_trainer:
    cmd: python src/CustomerRiskPrediction/pipeline/stage_03_model_trainer.py
    deps:
    - path: artifacts/data_transformation/train.csv
      hash: md5
      md5: ece21e14e550bb8f2f97fbce02182e74
      size: 270656
    - path: config/config.yaml
      hash: md5
      md5: 0974f1c6618eb4b8e86f02f5486c80b1
      size: 935
    - path: src/CustomerRiskPrediction/components/model_trainer.py
      hash: md5
      md5: 2904933098be319bdd9896feb8569574
      size: 5807
    - path: src/CustomerRiskPrediction/pipeline/stage_03_model_trainer.py
      hash: md5
      md5: 2e944a2e12e7d23cff46b4990fe84eef
      size: 851
    params:
      params.yaml:
        LogisticRegression.max_iter: 1000
        LogisticRegression.random_state: 42
        LogisticRegression.solver: liblinear
    outs:
    - path: artifacts/model_trainer/lr_threshold.json
      hash: md5
      md5: 0b388d78346203fc6ad82ab0888ae6b3
      size: 22
    - path: artifacts/model_trainer/model.joblib
      hash: md5
      md5: b6c1f5ff1125fbb0b8e9bab9a4a989bd
      size: 1487
  model_evaluation:
    cmd: python src/CustomerRiskPrediction/pipeline/stage_04_model_evaluation.py
    deps:
    - path: artifacts/data_transformation/test.csv
      hash: md5
      md5: 6055eaf2f39bcbd660d1c46e2543d6e4
      size: 58375
    - path: artifacts/model_trainer/lr_threshold.json
      hash: md5
      md5: 0b388d78346203fc6ad82ab0888ae6b3
      size: 22
    - path: artifacts/model_trainer/model.joblib
      hash: md5
      md5: b6c1f5ff1125fbb0b8e9bab9a4a989bd
      size: 1487
    - path: config/config.yaml
      hash: md5
      md5: 0974f1c6618eb4b8e86f02f5486c80b1
      size: 935
    - path: src/CustomerRiskPrediction/components/model_evaluation.py
      hash: md5
      md5: e5dd412275e7e9a7fc80073756491487
      size: 3319
    - path: src/CustomerRiskPrediction/pipeline/stage_04_model_evaluation.py
      hash: md5
      md5: ff6aef486f886b013c57c5c037669ee2
      size: 891
    outs:
    - path: artifacts/model_evaluation/metrics.json
      hash: md5
      md5: b622400f341e3915a1a89819e6d22075
      size: 403
